
Microsoft Visual Studio Solution File, Format Version 12.00
Project("{FAE04EC0-301F-11D3-BF4B-00C04F79EFBC}") = "PileRef", "PileRef\PileRef.csproj", "{A83DB6C6-074C-48AF-9378-9FFF6C47CC40}"
EndProject
Global
	GlobalSection(SolutionConfigurationPlatforms) = preSolution
		Debug|Any CPU = Debug|Any CPU
		Release|Any CPU = Release|Any CPU
	EndGlobalSection
	GlobalSection(ProjectConfigurationPlatforms) = postSolution
		{A83DB6C6-074C-48AF-9378-9FFF6C47CC40}.Debug|Any CPU.ActiveCfg = Debug|Any CPU
		{A83DB6C6-074C-48AF-9378-9FFF6C47CC40}.Debug|Any CPU.Build.0 = Debug|Any CPU
		{A83DB6C6-074C-48AF-9378-9FFF6C47CC40}.Release|Any CPU.ActiveCfg = Release|Any CPU
		{A83DB6C6-074C-48AF-9378-9FFF6C47CC40}.Release|Any CPU.Build.0 = Release|Any CPU
	EndGlobalSection
EndGlobal
